// !$*UTF8*$!
{
	archiveVersion = 1;
	classes = {
	};
	objectVersion = 46;
	objects = {

/* Begin PBXBuildFile section */
		4909DAE21B82B9500022C8CF /* main.m in Sources */ = {isa = PBXBuildFile; fileRef = 4909DAE11B82B9500022C8CF /* main.m */; };
		4909DAE51B82B9500022C8CF /* AppDelegate.m in Sources */ = {isa = PBXBuildFile; fileRef = 4909DAE41B82B9500022C8CF /* AppDelegate.m */; };
		4909DAE81B82B9500022C8CF /* ViewController.m in Sources */ = {isa = PBXBuildFile; fileRef = 4909DAE71B82B9500022C8CF /* ViewController.m */; };
		4909DAEB1B82B9500022C8CF /* Main.storyboard in Resources */ = {isa = PBXBuildFile; fileRef = 4909DAE91B82B9500022C8CF /* Main.storyboard */; };
		4909DAED1B82B9500022C8CF /* Images.xcassets in Resources */ = {isa = PBXBuildFile; fileRef = 4909DAEC1B82B9500022C8CF /* Images.xcassets */; };
		4909DAF01B82B9500022C8CF /* LaunchScreen.xib in Resources */ = {isa = PBXBuildFile; fileRef = 4909DAEE1B82B9500022C8CF /* LaunchScreen.xib */; };
		4909DAFC1B82B9500022C8CF /* DSToastTests.m in Sources */ = {isa = PBXBuildFile; fileRef = 4909DAFB1B82B9500022C8CF /* DSToastTests.m */; };
		4909DB071B82B9E90022C8CF /* DSToast.m in Sources */ = {isa = PBXBuildFile; fileRef = 4909DB061B82B9E90022C8CF /* DSToast.m */; };
		49E3B23D1BD08F540038F908 /* DSToastAnimation.m in Sources */ = {isa = PBXBuildFile; fileRef = 49E3B23C1BD08F540038F908 /* DSToastAnimation.m */; settings = {ASSET_TAGS = (); }; };
/* End PBXBuildFile section */

/* Begin PBXContainerItemProxy section */
		4909DAF61B82B9500022C8CF /* PBXContainerItemProxy */ = {
			isa = PBXContainerItemProxy;
			containerPortal = 4909DAD41B82B9500022C8CF /* Project object */;
			proxyType = 1;
			remoteGlobalIDString = 4909DADB1B82B9500022C8CF;
			remoteInfo = DSToast;
		};
/* End PBXContainerItemProxy section */

/* Begin PBXFileReference section */
		4909DADC1B82B9500022C8CF /* DSToast.app */ = {isa = PBXFileReference; explicitFileType = wrapper.application; includeInIndex = 0; path = DSToast.app; sourceTree = BUILT_PRODUCTS_DIR; };
		4909DAE01B82B9500022C8CF /* Info.plist */ = {isa = PBXFileReference; lastKnownFileType = text.plist.xml; path = Info.plist; sourceTree = "<group>"; };
		4909DAE11B82B9500022C8CF /* main.m */ = {isa = PBXFileReference; lastKnownFileType = sourcecode.c.objc; path = main.m; sourceTree = "<group>"; };
		4909DAE31B82B9500022C8CF /* AppDelegate.h */ = {isa = PBXFileReference; lastKnownFileType = sourcecode.c.h; path = AppDelegate.h; sourceTree = "<group>"; };
		4909DAE41B82B9500022C8CF /* AppDelegate.m */ = {isa = PBXFileReference; lastKnownFileType = sourcecode.c.objc; path = AppDelegate.m; sourceTree = "<group>"; };
		4909DAE61B82B9500022C8CF /* ViewController.h */ = {isa = PBXFileReference; lastKnownFileType = sourcecode.c.h; path = ViewController.h; sourceTree = "<group>"; };
		4909DAE71B82B9500022C8CF /* ViewController.m */ = {isa = PBXFileReference; lastKnownFileType = sourcecode.c.objc; path = ViewController.m; sourceTree = "<group>"; };
		4909DAEA1B82B9500022C8CF /* Base */ = {isa = PBXFileReference; lastKnownFileType = file.storyboard; name = Base; path = Base.lproj/Main.storyboard; sourceTree = "<group>"; };
		4909DAEC1B82B9500022C8CF /* Images.xcassets */ = {isa = PBXFileReference; lastKnownFileType = folder.assetcatalog; path = Images.xcassets; sourceTree = "<group>"; };
		4909DAEF1B82B9500022C8CF /* Base */ = {isa = PBXFileReference; lastKnownFileType = file.xib; name = Base; path = Base.lproj/LaunchScreen.xib; sourceTree = "<group>"; };
		4909DAF51B82B9500022C8CF /* DSToastTests.xctest */ = {isa = PBXFileReference; explicitFileType = wrapper.cfbundle; includeInIndex = 0; path = DSToastTests.xctest; sourceTree = BUILT_PRODUCTS_DIR; };
		4909DAFA1B82B9500022C8CF /* Info.plist */ = {isa = PBXFileReference; lastKnownFileType = text.plist.xml; path = Info.plist; sourceTree = "<group>"; };
		4909DAFB1B82B9500022C8CF /* DSToastTests.m */ = {isa = PBXFileReference; lastKnownFileType = sourcecode.c.objc; path = DSToastTests.m; sourceTree = "<group>"; };
		4909DB051B82B9E90022C8CF /* DSToast.h */ = {isa = PBXFileReference; fileEncoding = 4; lastKnownFileType = sourcecode.c.h; path = DSToast.h; sourceTree = "<group>"; };
		4909DB061B82B9E90022C8CF /* DSToast.m */ = {isa = PBXFileReference; fileEncoding = 4; lastKnownFileType = sourcecode.c.objc; path = DSToast.m; sourceTree = "<group>"; };
		49E3B23B1BD08F540038F908 /* DSToastAnimation.h */ = {isa = PBXFileReference; fileEncoding = 4; lastKnownFileType = sourcecode.c.h; path = DSToastAnimation.h; sourceTree = "<group>"; };
		49E3B23C1BD08F540038F908 /* DSToastAnimation.m */ = {isa = PBXFileReference; fileEncoding = 4; lastKnownFileType = sourcecode.c.objc; path = DSToastAnimation.m; sourceTree = "<group>"; };
/* End PBXFileReference section */

/* Begin PBXFrameworksBuildPhase section */
		4909DAD91B82B9500022C8CF /* Frameworks */ = {
			isa = PBXFrameworksBuildPhase;
			buildActionMask = 2147483647;
			files = (
			);
			runOnlyForDeploymentPostprocessing = 0;
		};
		4909DAF21B82B9500022C8CF /* Frameworks */ = {
			isa = PBXFrameworksBuildPhase;
			buildActionMask = 2147483647;
			files = (
			);
			runOnlyForDeploymentPostprocessing = 0;
		};
/* End PBXFrameworksBuildPhase section */

/* Begin PBXGroup section */
		4909DAD31B82B9500022C8CF = {
			isa = PBXGroup;
			children = (
				4909DADE1B82B9500022C8CF /* DSToast */,
				4909DAF81B82B9500022C8CF /* DSToastTests */,
				4909DADD1B82B9500022C8CF /* Products */,
			);
			sourceTree = "<group>";
		};
		4909DADD1B82B9500022C8CF /* Products */ = {
			isa = PBXGroup;
			children = (
				4909DADC1B82B9500022C8CF /* DSToast.app */,
				4909DAF51B82B9500022C8CF /* DSToastTests.xctest */,
			);
			name = Products;
			sourceTree = "<group>";
		};
		4909DADE1B82B9500022C8CF /* DSToast */ = {
			isa = PBXGroup;
			children = (
				4909DB081B82CDCC0022C8CF /* Toast */,
				4909DAE31B82B9500022C8CF /* AppDelegate.h */,
				4909DAE41B82B9500022C8CF /* AppDelegate.m */,
				4909DAE61B82B9500022C8CF /* ViewController.h */,
				4909DAE71B82B9500022C8CF /* ViewController.m */,
				4909DAE91B82B9500022C8CF /* Main.storyboard */,
				4909DAEC1B82B9500022C8CF /* Images.xcassets */,
				4909DAEE1B82B9500022C8CF /* LaunchScreen.xib */,
				4909DADF1B82B9500022C8CF /* Supporting Files */,
			);
			path = DSToast;
			sourceTree = "<group>";
		};
		4909DADF1B82B9500022C8CF /* Supporting Files */ = {
			isa = PBXGroup;
			children = (
				4909DAE01B82B9500022C8CF /* Info.plist */,
				4909DAE11B82B9500022C8CF /* main.m */,
			);
			name = "Supporting Files";
			sourceTree = "<group>";
		};
		4909DAF81B82B9500022C8CF /* DSToastTests */ = {
			isa = PBXGroup;
			children = (
				4909DAFB1B82B9500022C8CF /* DSToastTests.m */,
				4909DAF91B82B9500022C8CF /* Supporting Files */,
			);
			path = DSToastTests;
			sourceTree = "<group>";
		};
		4909DAF91B82B9500022C8CF /* Supporting Files */ = {
			isa = PBXGroup;
			children = (
				4909DAFA1B82B9500022C8CF /* Info.plist */,
			);
			name = "Supporting Files";
			sourceTree = "<group>";
		};
		4909DB081B82CDCC0022C8CF /* Toast */ = {
			isa = PBXGroup;
			children = (
				4909DB051B82B9E90022C8CF /* DSToast.h */,
				4909DB061B82B9E90022C8CF /* DSToast.m */,
				49E3B23B1BD08F540038F908 /* DSToastAnimation.h */,
				49E3B23C1BD08F540038F908 /* DSToastAnimation.m */,
			);
			path = Toast;
			sourceTree = "<group>";
		};
/* End PBXGroup section */

/* Begin PBXNativeTarget section */
		4909DADB1B82B9500022C8CF /* DSToast */ = {
			isa = PBXNativeTarget;
			buildConfigurationList = 4909DAFF1B82B9500022C8CF /* Build configuration list for PBXNativeTarget "DSToast" */;
			buildPhases = (
				4909DAD81B82B9500022C8CF /* Sources */,
				4909DAD91B82B9500022C8CF /* Frameworks */,
				4909DADA1B82B9500022C8CF /* Resources */,
			);
			buildRules = (
			);
			dependencies = (
			);
			name = DSToast;
			productName = DSToast;
			productReference = 4909DADC1B82B9500022C8CF /* DSToast.app */;
			productType = "com.apple.product-type.application";
		};
		4909DAF41B82B9500022C8CF /* DSToastTests */ = {
			isa = PBXNativeTarget;
			buildConfigurationList = 4909DB021B82B9500022C8CF /* Build configuration list for PBXNativeTarget "DSToastTests" */;
			buildPhases = (
				4909DAF11B82B9500022C8CF /* Sources */,
				4909DAF21B82B9500022C8CF /* Frameworks */,
				4909DAF31B82B9500022C8CF /* Resources */,
			);
			buildRules = (
			);
			dependencies = (
				4909DAF71B82B9500022C8CF /* PBXTargetDependency */,
			);
			name = DSToastTests;
			productName = DSToastTests;
			productReference = 4909DAF51B82B9500022C8CF /* DSToastTests.xctest */;
			productType = "com.apple.product-type.bundle.unit-test";
		};
/* End PBXNativeTarget section */

/* Begin PBXProject section */
		4909DAD41B82B9500022C8CF /* Project object */ = {
			isa = PBXProject;
			attributes = {
				LastUpgradeCheck = 0700;
				ORGANIZATIONNAME = LS;
				TargetAttributes = {
					4909DADB1B82B9500022C8CF = {
						CreatedOnToolsVersion = 6.4;
					};
					4909DAF41B82B9500022C8CF = {
						CreatedOnToolsVersion = 6.4;
						TestTargetID = 4909DADB1B82B9500022C8CF;
					};
				};
			};
			buildConfigurationList = 4909DAD71B82B9500022C8CF /* Build configuration list for PBXProject "DSToast" */;
			compatibilityVersion = "Xcode 3.2";
			developmentRegion = English;
			hasScannedForEncodings = 0;
			knownRegions = (
				en,
				Base,
			);
			mainGroup = 4909DAD31B82B9500022C8CF;
			productRefGroup = 4909DADD1B82B9500022C8CF /* Products */;
			projectDirPath = "";
			projectRoot = "";
			targets = (
				4909DADB1B82B9500022C8CF /* DSToast */,
				4909DAF41B82B9500022C8CF /* DSToastTests */,
			);
		};
/* End PBXProject section */

/* Begin PBXResourcesBuildPhase section */
		4909DADA1B82B9500022C8CF /* Resources */ = {
			isa = PBXResourcesBuildPhase;
			buildActionMask = 2147483647;
			files = (
				4909DAEB1B82B9500022C8CF /* Main.storyboard in Resources */,
				4909DAF01B82B9500022C8CF /* LaunchScreen.xib in Resources */,
				4909DAED1B82B9500022C8CF /* Images.xcassets in Resources */,
			);
			runOnlyForDeploymentPostprocessing = 0;
		};
		4909DAF31B82B9500022C8CF /* Resources */ = {
			isa = PBXResourcesBuildPhase;
			buildActionMask = 2147483647;
			files = (
			);
			runOnlyForDeploymentPostprocessing = 0;
		};
/* End PBXResourcesBuildPhase section */

/* Begin PBXSourcesBuildPhase section */
		4909DAD81B82B9500022C8CF /* Sources */ = {
			isa = PBXSourcesBuildPhase;
			buildActionMask = 2147483647;
			files = (
				4909DAE81B82B9500022C8CF /* ViewController.m in Sources */,
				4909DAE51B82B9500022C8CF /* AppDelegate.m in Sources */,
				49E3B23D1BD08F540038F908 /* DSToastAnimation.m in Sources */,
				4909DB071B82B9E90022C8CF /* DSToast.m in Sources */,
				4909DAE21B82B9500022C8CF /* main.m in Sources */,
			);
			runOnlyForDeploymentPostprocessing = 0;
		};
		4909DAF11B82B9500022C8CF /* Sources */ = {
			isa = PBXSourcesBuildPhase;
			buildActionMask = 2147483647;
			files = (
				4909DAFC1B82B9500022C8CF /* DSToastTests.m in Sources */,
			);
			runOnlyForDeploymentPostprocessing = 0;
		};
/* End PBXSourcesBuildPhase section */

/* Begin PBXTargetDependency section */
		4909DAF71B82B9500022C8CF /* PBXTargetDependency */ = {
			isa = PBXTargetDependency;
			target = 4909DADB1B82B9500022C8CF /* DSToast */;
			targetProxy = 4909DAF61B82B9500022C8CF /* PBXContainerItemProxy */;
		};
/* End PBXTargetDependency section */

/* Begin PBXVariantGroup section */
		4909DAE91B82B9500022C8CF /* Main.storyboard */ = {
			isa = PBXVariantGroup;
			children = (
				4909DAEA1B82B9500022C8CF /* Base */,
			);
			name = Main.storyboard;
			sourceTree = "<group>";
		};
		4909DAEE1B82B9500022C8CF /* LaunchScreen.xib */ = {
			isa = PBXVariantGroup;
			children = (
				4909DAEF1B82B9500022C8CF /* Base */,
			);
			name = LaunchScreen.xib;
			sourceTree = "<group>";
		};
/* End PBXVariantGroup section */

/* Begin XCBuildConfiguration section */
		4909DAFD1B82B9500022C8CF /* Debug */ = {
			isa = XCBuildConfiguration;
			buildSettings = {
				ALWAYS_SEARCH_USER_PATHS = NO;
				CLANG_CXX_LANGUAGE_STANDARD = "gnu++0x";
				CLANG_CXX_LIBRARY = "libc++";
				CLANG_ENABLE_MODULES = YES;
				CLANG_ENABLE_OBJC_ARC = YES;
				CLANG_WARN_BOOL_CONVERSION = YES;
				CLANG_WARN_CONSTANT_CONVERSION = YES;
				CLANG_WARN_DIRECT_OBJC_ISA_USAGE = YES_ERROR;
				CLANG_WARN_EMPTY_BODY = YES;
				CLANG_WARN_ENUM_CONVERSION = YES;
				CLANG_WARN_INT_CONVERSION = YES;
				CLANG_WARN_OBJC_ROOT_CLASS = YES_ERROR;
				CLANG_WARN_UNREACHABLE_CODE = YES;
				CLANG_WARN__DUPLICATE_METHOD_MATCH = YES;
				"CODE_SIGN_IDENTITY[sdk=iphoneos*]" = "iPhone Developer";
				COPY_PHASE_STRIP = NO;
				DEBUG_INFORMATION_FORMAT = "dwarf-with-dsym";
				ENABLE_STRICT_OBJC_MSGSEND = YES;
				ENABLE_TESTABILITY = YES;
				GCC_C_LANGUAGE_STANDARD = gnu99;
				GCC_DYNAMIC_NO_PIC = NO;
				GCC_NO_COMMON_BLOCKS = YES;
				GCC_OPTIMIZATION_LEVEL = 0;
				GCC_PREPROCESSOR_DEFINITIONS = (
					"DEBUG=1",
					"$(inherited)",
				);
				GCC_SYMBOLS_PRIVATE_EXTERN = NO;
				GCC_WARN_64_TO_32_BIT_CONVERSION = YES;
				GCC_WARN_ABOUT_RETURN_TYPE = YES_ERROR;
				GCC_WARN_UNDECLARED_SELECTOR = YES;
				GCC_WARN_UNINITIALIZED_AUTOS = YES_AGGRESSIVE;
				GCC_WARN_UNUSED_FUNCTION = YES;
				GCC_WARN_UNUSED_VARIABLE = YES;
				IPHONEOS_DEPLOYMENT_TARGET = 8.4;
				MTL_ENABLE_DEBUG_INFO = YES;
				ONLY_ACTIVE_ARCH = YES;
				SDKROOT = iphoneos;
			};
			name = Debug;
		};
		4909DAFE1B82B9500022C8CF /* Release */ = {
			isa = XCBuildConfiguration;
			buildSettings = {
				ALWAYS_SEARCH_USER_PATHS = NO;
				CLANG_CXX_LANGUAGE_STANDARD = "gnu++0x";
				CLANG_CXX_LIBRARY = "libc++";
				CLANG_ENABLE_MODULES = YES;
				CLANG_ENABLE_OBJC_ARC = YES;
				CLANG_WARN_BOOL_CONVERSION = YES;
				CLANG_WARN_CONSTANT_CONVERSION = YES;
				CLANG_WARN_DIRECT_OBJC_ISA_USAGE = YES_ERROR;
				CLANG_WARN_EMPTY_BODY = YES;
				CLANG_WARN_ENUM_CONVERSION = YES;
				CLANG_WARN_INT_CONVERSION = YES;
				CLANG_WARN_OBJC_ROOT_CLASS = YES_ERROR;
				CLANG_WARN_UNREACHABLE_CODE = YES;
				CLANG_WARN__DUPLICATE_METHOD_MATCH = YES;
				"CODE_SIGN_IDENTITY[sdk=iphoneos*]" = "iPhone Developer";
				COPY_PHASE_STRIP = NO;
				DEBUG_INFORMATION_FORMAT = "dwarf-with-dsym";
				ENABLE_NS_ASSERTIONS = NO;
				ENABLE_STRICT_OBJC_MSGSEND = YES;
				GCC_C_LANGUAGE_STANDARD = gnu99;
				GCC_NO_COMMON_BLOCKS = YES;
				GCC_WARN_64_TO_32_BIT_CONVERSION = YES;
				GCC_WARN_ABOUT_RETURN_TYPE = YES_ERROR;
				GCC_WARN_UNDECLARED_SELECTOR = YES;
				GCC_WARN_UNINITIALIZED_AUTOS = YES_AGGRESSIVE;
				GCC_WARN_UNUSED_FUNCTION = YES;
				GCC_WARN_UNUSED_VARIABLE = YES;
				IPHONEOS_DEPLOYMENT_TARGET = 8.4;
				MTL_ENABLE_DEBUG_INFO = NO;
				SDKROOT = iphoneos;
				VALIDATE_PRODUCT = YES;
			};
			name = Release;
		};
		4909DB001B82B9500022C8CF /* Debug */ = {
			isa = XCBuildConfiguration;
			buildSettings = {
				ASSETCATALOG_COMPILER_APPICON_NAME = AppIcon;
				INFOPLIST_FILE = DSToast/Info.plist;
				IPHONEOS_DEPLOYMENT_TARGET = 7.0;
				LD_RUNPATH_SEARCH_PATHS = "$(inherited) @executable_path/Frameworks";
				PRODUCT_BUNDLE_IDENTIFIER = "io.gitcafe.linfeng1009.$(PRODUCT_NAME:rfc1034identifier)";
				PRODUCT_NAME = "$(TARGET_NAME)";
			};
			name = Debug;
		};
		4909DB011B82B9500022C8CF /* Release */ = {
			isa = XCBuildConfiguration;
			buildSettings = {
				ASSETCATALOG_COMPILER_APPICON_NAME = AppIcon;
				INFOPLIST_FILE = DSToast/Info.plist;
				IPHONEOS_DEPLOYMENT_TARGET = 7.0;
				LD_RUNPATH_SEARCH_PATHS = "$(inherited) @executable_path/Frameworks";
				PRODUCT_BUNDLE_IDENTIFIER = "io.gitcafe.linfeng1009.$(PRODUCT_NAME:rfc1034identifier)";
				PRODUCT_NAME = "$(TARGET_NAME)";
			};
			name = Release;
		};
		4909DB031B82B9500022C8CF /* Debug */ = {
			isa = XCBuildConfiguration;
			buildSettings = {
				BUNDLE_LOADER = "$(TEST_HOST)";
				FRAMEWORK_SEARCH_PATHS = (
					"$(SDKROOT)/Developer/Library/Frameworks",
					"$(inherited)",
				);
				GCC_PREPROCESSOR_DEFINITIONS = (
					"DEBUG=1",
					"$(inherited)",
				);
				INFOPLIST_FILE = DSToastTests/Info.plist;
				LD_RUNPATH_SEARCH_PATHS = "$(inherited) @executable_path/Frameworks @loader_path/Frameworks";
				PRODUCT_BUNDLE_IDENTIFIER = "io.gitcafe.linfeng1009.$(PRODUCT_NAME:rfc1034identifier)";
				PRODUCT_NAME = "$(TARGET_NAME)";
				TEST_HOST = "$(BUILT_PRODUCTS_DIR)/DSToast.app/DSToast";
			};
			name = Debug;
		};
		4909DB041B82B9500022C8CF /* Release */ = {
			isa = XCBuildConfiguration;
			buildSettings = {
				BUNDLE_LOADER = "$(TEST_HOST)";
				FRAMEWORK_SEARCH_PATHS = (
					"$(SDKROOT)/Developer/Library/Frameworks",
					"$(inherited)",
				);
				INFOPLIST_FILE = DSToastTests/Info.plist;
				LD_RUNPATH_SEARCH_PATHS = "$(inherited) @executable_path/Frameworks @loader_path/Frameworks";
				PRODUCT_BUNDLE_IDENTIFIER = "io.gitcafe.linfeng1009.$(PRODUCT_NAME:rfc1034identifier)";
				PRODUCT_NAME = "$(TARGET_NAME)";
				TEST_HOST = "$(BUILT_PRODUCTS_DIR)/DSToast.app/DSToast";
			};
			name = Release;
		};
/* End XCBuildConfiguration section */

/* Begin XCConfigurationList section */
		4909DAD71B82B9500022C8CF /* Build configuration list for PBXProject "DSToast" */ = {
			isa = XCConfigurationList;
			buildConfigurations = (
				4909DAFD1B82B9500022C8CF /* Debug */,
				4909DAFE1B82B9500022C8CF /* Release */,
			);
			defaultConfigurationIsVisible = 0;
			defaultConfigurationName = Release;
		};
		4909DAFF1B82B9500022C8CF /* Build configuration list for PBXNativeTarget "DSToast" */ = {
			isa = XCConfigurationList;
			buildConfigurations = (
				4909DB001B82B9500022C8CF /* Debug */,
				4909DB011B82B9500022C8CF /* Release */,
			);
			defaultConfigurationIsVisible = 0;
			defaultConfigurationName = Release;
		};
		4909DB021B82B9500022C8CF /* Build configuration list for PBXNativeTarget "DSToastTests" */ = {
			isa = XCConfigurationList;
			buildConfigurations = (
				4909DB031B82B9500022C8CF /* Debug */,
				4909DB041B82B9500022C8CF /* Release */,
			);
			defaultConfigurationIsVisible = 0;
			defaultConfigurationName = Release;
		};
/* End XCConfigurationList section */
	};
	rootObject = 4909DAD41B82B9500022C8CF /* Project object */;
}
